{
  "pins" : [
    {
      "identity" : "bigint",
      "kind" : "remoteSourceControl",
      "location" : "https://github.com/attaswift/BigInt.git",
      "state" : {
        "revision" : "0ed110f7555c34ff468e72e1686e59721f2b0da6",
        "version" : "5.3.0"
      }
    },
    {
      "identity" : "bluecryptor",
      "kind" : "remoteSourceControl",
      "location" : "https://github.com/Kitura/BlueCryptor.git",
      "state" : {
        "revision" : "cec97c24b111351e70e448972a7d3fe68a756d6d",
        "version" : "2.0.2"
      }
    },
    {
      "identity" : "blueecc",
      "kind" : "remoteSourceControl",
      "location" : "https://github.com/Kitura/BlueECC.git",
      "state" : {
        "revision" : "1485268a54f8135435a825a855e733f026fa6cc8",
        "version" : "1.2.201"
      }
    },
    {
      "identity" : "bluersa",
      "kind" : "remoteSourceControl",
      "location" : "https://github.com/Kitura/BlueRSA.git",
      "state" : {
        "revision" : "440f78db26d8bb073f29590f1c7bd31004da09ae",
        "version" : "1.0.201"
      }
    },
    {
      "identity" : "citadel",
      "kind" : "remoteSourceControl",
      "location" : "https://github.com/Marcocanc/Citadel",
      "state" : {
        "branch" : "shell-exec",
        "revision" : "bbd9643c752e5acda26097302508feec599cf818"
      }
    },
    {
      "identity" : "kituracontracts",
      "kind" : "remoteSourceControl",
      "location" : "https://github.com/Kitura/KituraContracts.git",
      "state" : {
        "revision" : "6edf7ac3dd2b3a2c61284778d430bbad7d8a6f23",
        "version" : "2.0.1"
      }
    },
    {
      "identity" : "loggerapi",
      "kind" : "remoteSourceControl",
      "location" : "https://github.com/Kitura/LoggerAPI.git",
      "state" : {
        "revision" : "4e6b45e850ffa275e8e26a24c6454fd709d5b6ac",
        "version" : "2.0.0"
      }
    },
    {
      "identity" : "swift-atomics",
      "kind" : "remoteSourceControl",
      "location" : "https://github.com/apple/swift-atomics.git",
      "state" : {
        "revision" : "6c89474e62719ddcc1e9614989fff2f68208fe10",
        "version" : "1.1.0"
      }
    },
    {
      "identity" : "swift-collections",
      "kind" : "remoteSourceControl",
      "location" : "https://github.com/apple/swift-collections.git",
      "state" : {
        "revision" : "937e904258d22af6e447a0b72c0bc67583ef64a2",
        "version" : "1.0.4"
      }
    },
    {
      "identity" : "swift-crypto",
      "kind" : "remoteSourceControl",
      "location" : "https://github.com/apple/swift-crypto.git",
      "state" : {
        "revision" : "067254c79435de759aeef4a6a03e43d087d61312",
        "version" : "2.0.5"
      }
    },
    {
      "identity" : "swift-jwt",
      "kind" : "remoteSourceControl",
      "location" : "https://github.com/Kitura/Swift-JWT",
      "state" : {
        "revision" : "f68ec28fbd90a651597e9e825ea7f315f8d52a1f",
        "version" : "4.0.1"
      }
    },
    {
      "identity" : "swift-log",
      "kind" : "remoteSourceControl",
      "location" : "https://github.com/apple/swift-log.git",
      "state" : {
        "revision" : "32e8d724467f8fe623624570367e3d50c5638e46",
        "version" : "1.5.2"
      }
    },
    {
      "identity" : "swift-nio",
      "kind" : "remoteSourceControl",
      "location" : "https://github.com/apple/swift-nio.git",
      "state" : {
        "revision" : "2d8e6ca36fe3e8ed74b0883f593757a45463c34d",
        "version" : "2.53.0"
      }
    },
    {
      "identity" : "swift-nio-ssh",
      "kind" : "remoteSourceControl",
      "location" : "https://github.com/Joannis/swift-nio-ssh.git",
      "state" : {
        "revision" : "70506c0345480a9070ef71b58cff2b3f3e6a7662",
        "version" : "0.3.1"
      }
    },
    {
      "identity" : "yams",
      "kind" : "remoteSourceControl",
      "location" : "https://github.com/jpsim/Yams",
      "state" : {
        "revision" : "f47ba4838c30dbd59998a4e4c87ab620ff959e8a",
        "version" : "5.0.5"
      }
    }
  ],
  "version" : 2
}
