// !$*UTF8*$!
{
	archiveVersion = 1;
	classes = {
	};
	objectVersion = 70;
	objects = {

/* Begin PBXBuildFile section */
		A9E7A0982C257E8700B38458 /* Yams in Frameworks */ = {isa = PBXBuildFile; productRef = A9E7A0972C257E8700B38458 /* Yams */; };
		A9E7A09B2C257E9700B38458 /* Citadel in Frameworks */ = {isa = PBXBuildFile; productRef = A9E7A09A2C257E9700B38458 /* Citadel */; };
		A9E7A09E2C257EA400B38458 /* SwiftJWT in Frameworks */ = {isa = PBXBuildFile; productRef = A9E7A09D2C257EA400B38458 /* SwiftJWT */; };
/* End PBXBuildFile section */

/* Begin PBXContainerItemProxy section */
		F9C7BCF02E17E2C700E8F9CE /* PBXContainerItemProxy */ = {
			isa = PBXContainerItemProxy;
			containerPortal = A9728DC92918F79000342A77 /* Project object */;
			proxyType = 1;
			remoteGlobalIDString = A9728DD02918F79000342A77;
			remoteInfo = Cilicon;
		};
/* End PBXContainerItemProxy section */

/* Begin PBXFileReference section */
		A951BCD6292B93D000FFDACC /* Virtualization.framework */ = {isa = PBXFileReference; lastKnownFileType = wrapper.framework; name = Virtualization.framework; path = System/Library/Frameworks/Virtualization.framework; sourceTree = SDKROOT; };
		A9728DD12918F79000342A77 /* Cilicon.app */ = {isa = PBXFileReference; explicitFileType = wrapper.application; includeInIndex = 0; path = Cilicon.app; sourceTree = BUILT_PRODUCTS_DIR; };
		F9C7BCEC2E17E2C700E8F9CE /* CiliconTests.xctest */ = {isa = PBXFileReference; explicitFileType = wrapper.cfbundle; includeInIndex = 0; path = CiliconTests.xctest; sourceTree = BUILT_PRODUCTS_DIR; };
/* End PBXFileReference section */

/* Begin PBXFileSystemSynchronizedRootGroup section */
		F99D6A4B2EE3483E00DB3906 /* Cilicon */ = {isa = PBXFileSystemSynchronizedRootGroup; explicitFileTypes = {}; explicitFolders = (); path = Cilicon; sourceTree = "<group>"; };
		F9C7BCED2E17E2C700E8F9CE /* CiliconTests */ = {isa = PBXFileSystemSynchronizedRootGroup; explicitFileTypes = {}; explicitFolders = (); path = CiliconTests; sourceTree = "<group>"; };
/* End PBXFileSystemSynchronizedRootGroup section */

/* Begin PBXFrameworksBuildPhase section */
		A9728DCE2918F79000342A77 /* Frameworks */ = {
			isa = PBXFrameworksBuildPhase;
			buildActionMask = 2147483647;
			files = (
				A9E7A09B2C257E9700B38458 /* Citadel in Frameworks */,
				A9E7A09E2C257EA400B38458 /* SwiftJWT in Frameworks */,
				A9E7A0982C257E8700B38458 /* Yams in Frameworks */,
			);
			runOnlyForDeploymentPostprocessing = 0;
		};
		F9C7BCE92E17E2C700E8F9CE /* Frameworks */ = {
			isa = PBXFrameworksBuildPhase;
			buildActionMask = 2147483647;
			files = (
			);
			runOnlyForDeploymentPostprocessing = 0;
		};
/* End PBXFrameworksBuildPhase section */

/* Begin PBXGroup section */
		A951BCD3292B93C900FFDACC /* Frameworks */ = {
			isa = PBXGroup;
			children = (
				A951BCD6292B93D000FFDACC /* Virtualization.framework */,
			);
			name = Frameworks;
			sourceTree = "<group>";
		};
		A9728DC82918F79000342A77 = {
			isa = PBXGroup;
			children = (
				F99D6A4B2EE3483E00DB3906 /* Cilicon */,
				F9C7BCED2E17E2C700E8F9CE /* CiliconTests */,
				A9728DD22918F79000342A77 /* Products */,
				A951BCD3292B93C900FFDACC /* Frameworks */,
			);
			sourceTree = "<group>";
		};
		A9728DD22918F79000342A77 /* Products */ = {
			isa = PBXGroup;
			children = (
				A9728DD12918F79000342A77 /* Cilicon.app */,
				F9C7BCEC2E17E2C700E8F9CE /* CiliconTests.xctest */,
			);
			name = Products;
			sourceTree = "<group>";
		};
/* End PBXGroup section */

/* Begin PBXNativeTarget section */
		A9728DD02918F79000342A77 /* Cilicon */ = {
			isa = PBXNativeTarget;
			buildConfigurationList = A9728DE02918F79100342A77 /* Build configuration list for PBXNativeTarget "Cilicon" */;
			buildPhases = (
				622F3F2C2A3CB696007506AF /* SwiftFormat */,
				A9728DCD2918F79000342A77 /* Sources */,
				A9728DCE2918F79000342A77 /* Frameworks */,
				A9728DCF2918F79000342A77 /* Resources */,
			);
			buildRules = (
			);
			dependencies = (
			);
			fileSystemSynchronizedGroups = (
				F99D6A4B2EE3483E00DB3906 /* Cilicon */,
			);
			name = Cilicon;
			packageProductDependencies = (
				A9E7A0972C257E8700B38458 /* Yams */,
				A9E7A09A2C257E9700B38458 /* Citadel */,
				A9E7A09D2C257EA400B38458 /* SwiftJWT */,
			);
			productName = Cilicon;
			productReference = A9728DD12918F79000342A77 /* Cilicon.app */;
			productType = "com.apple.product-type.application";
		};
		F9C7BCEB2E17E2C700E8F9CE /* CiliconTests */ = {
			isa = PBXNativeTarget;
			buildConfigurationList = F9C7BCF22E17E2C700E8F9CE /* Build configuration list for PBXNativeTarget "CiliconTests" */;
			buildPhases = (
				F9C7BCE82E17E2C700E8F9CE /* Sources */,
				F9C7BCE92E17E2C700E8F9CE /* Frameworks */,
				F9C7BCEA2E17E2C700E8F9CE /* Resources */,
			);
			buildRules = (
			);
			dependencies = (
				F9C7BCF12E17E2C700E8F9CE /* PBXTargetDependency */,
			);
			fileSystemSynchronizedGroups = (
				F9C7BCED2E17E2C700E8F9CE /* CiliconTests */,
			);
			name = CiliconTests;
			packageProductDependencies = (
			);
			productName = CiliconTests;
			productReference = F9C7BCEC2E17E2C700E8F9CE /* CiliconTests.xctest */;
			productType = "com.apple.product-type.bundle.unit-test";
		};
/* End PBXNativeTarget section */

/* Begin PBXProject section */
		A9728DC92918F79000342A77 /* Project object */ = {
			isa = PBXProject;
			attributes = {
				BuildIndependentTargetsInParallel = 1;
				LastSwiftUpdateCheck = 1610;
				LastUpgradeCheck = 2610;
				TargetAttributes = {
					A9728DD02918F79000342A77 = {
						CreatedOnToolsVersion = 14.1;
					};
					F9C7BCEB2E17E2C700E8F9CE = {
						CreatedOnToolsVersion = 16.1;
						TestTargetID = A9728DD02918F79000342A77;
					};
				};
			};
			buildConfigurationList = A9728DCC2918F79000342A77 /* Build configuration list for PBXProject "Cilicon" */;
			compatibilityVersion = "Xcode 14.0";
			developmentRegion = en;
			hasScannedForEncodings = 0;
			knownRegions = (
				en,
				Base,
			);
			mainGroup = A9728DC82918F79000342A77;
			packageReferences = (
				A9E7A0962C257E8700B38458 /* XCRemoteSwiftPackageReference "Yams" */,
				A9E7A0992C257E9700B38458 /* XCRemoteSwiftPackageReference "Citadel" */,
				A9E7A09C2C257EA400B38458 /* XCRemoteSwiftPackageReference "Swift-JWT" */,
			);
			productRefGroup = A9728DD22918F79000342A77 /* Products */;
			projectDirPath = "";
			projectRoot = "";
			targets = (
				A9728DD02918F79000342A77 /* Cilicon */,
				F9C7BCEB2E17E2C700E8F9CE /* CiliconTests */,
			);
		};
/* End PBXProject section */

/* Begin PBXResourcesBuildPhase section */
		A9728DCF2918F79000342A77 /* Resources */ = {
			isa = PBXResourcesBuildPhase;
			buildActionMask = 2147483647;
			files = (
			);
			runOnlyForDeploymentPostprocessing = 0;
		};
		F9C7BCEA2E17E2C700E8F9CE /* Resources */ = {
			isa = PBXResourcesBuildPhase;
			buildActionMask = 2147483647;
			files = (
			);
			runOnlyForDeploymentPostprocessing = 0;
		};
/* End PBXResourcesBuildPhase section */

/* Begin PBXShellScriptBuildPhase section */
		622F3F2C2A3CB696007506AF /* SwiftFormat */ = {
			isa = PBXShellScriptBuildPhase;
			alwaysOutOfDate = 1;
			buildActionMask = 2147483647;
			files = (
			);
			inputFileListPaths = (
			);
			inputPaths = (
			);
			name = SwiftFormat;
			outputFileListPaths = (
			);
			outputPaths = (
			);
			runOnlyForDeploymentPostprocessing = 0;
			shellPath = /bin/sh;
			shellScript = "if [[ \"$(uname -m)\" == arm64 ]]; then\n    export PATH=\"/opt/homebrew/bin:$PATH\"\nfi\n\nif which swiftformat >/dev/null; then\n swiftformat $SRCROOT\nelse\n  echo \"warning: SwiftFormat not installed, download from https://github.com/nicklockwood/SwiftFormat\"\nfi\n";
		};
/* End PBXShellScriptBuildPhase section */

/* Begin PBXSourcesBuildPhase section */
		A9728DCD2918F79000342A77 /* Sources */ = {
			isa = PBXSourcesBuildPhase;
			buildActionMask = 2147483647;
			files = (
			);
			runOnlyForDeploymentPostprocessing = 0;
		};
		F9C7BCE82E17E2C700E8F9CE /* Sources */ = {
			isa = PBXSourcesBuildPhase;
			buildActionMask = 2147483647;
			files = (
			);
			runOnlyForDeploymentPostprocessing = 0;
		};
/* End PBXSourcesBuildPhase section */

/* Begin PBXTargetDependency section */
		F9C7BCF12E17E2C700E8F9CE /* PBXTargetDependency */ = {
			isa = PBXTargetDependency;
			target = A9728DD02918F79000342A77 /* Cilicon */;
			targetProxy = F9C7BCF02E17E2C700E8F9CE /* PBXContainerItemProxy */;
		};
/* End PBXTargetDependency section */

/* Begin XCBuildConfiguration section */
		A9728DDE2918F79100342A77 /* Debug */ = {
			isa = XCBuildConfiguration;
			buildSettings = {
				ALWAYS_SEARCH_USER_PATHS = NO;
				ARCHS = arm64;
				ASSETCATALOG_COMPILER_GENERATE_SWIFT_ASSET_SYMBOL_EXTENSIONS = YES;
				CLANG_ANALYZER_NONNULL = YES;
				CLANG_ANALYZER_NUMBER_OBJECT_CONVERSION = YES_AGGRESSIVE;
				CLANG_CXX_LANGUAGE_STANDARD = "gnu++20";
				CLANG_ENABLE_MODULES = YES;
				CLANG_ENABLE_OBJC_ARC = YES;
				CLANG_ENABLE_OBJC_WEAK = YES;
				CLANG_WARN_BLOCK_CAPTURE_AUTORELEASING = YES;
				CLANG_WARN_BOOL_CONVERSION = YES;
				CLANG_WARN_COMMA = YES;
				CLANG_WARN_CONSTANT_CONVERSION = YES;
				CLANG_WARN_DEPRECATED_OBJC_IMPLEMENTATIONS = YES;
				CLANG_WARN_DIRECT_OBJC_ISA_USAGE = YES_ERROR;
				CLANG_WARN_DOCUMENTATION_COMMENTS = YES;
				CLANG_WARN_EMPTY_BODY = YES;
				CLANG_WARN_ENUM_CONVERSION = YES;
				CLANG_WARN_INFINITE_RECURSION = YES;
				CLANG_WARN_INT_CONVERSION = YES;
				CLANG_WARN_NON_LITERAL_NULL_CONVERSION = YES;
				CLANG_WARN_OBJC_IMPLICIT_RETAIN_SELF = YES;
				CLANG_WARN_OBJC_LITERAL_CONVERSION = YES;
				CLANG_WARN_OBJC_ROOT_CLASS = YES_ERROR;
				CLANG_WARN_QUOTED_INCLUDE_IN_FRAMEWORK_HEADER = YES;
				CLANG_WARN_RANGE_LOOP_ANALYSIS = YES;
				CLANG_WARN_STRICT_PROTOTYPES = YES;
				CLANG_WARN_SUSPICIOUS_MOVE = YES;
				CLANG_WARN_UNGUARDED_AVAILABILITY = YES_AGGRESSIVE;
				CLANG_WARN_UNREACHABLE_CODE = YES;
				CLANG_WARN__DUPLICATE_METHOD_MATCH = YES;
				COPY_PHASE_STRIP = NO;
				DEAD_CODE_STRIPPING = YES;
				DEBUG_INFORMATION_FORMAT = dwarf;
				ENABLE_STRICT_OBJC_MSGSEND = YES;
				ENABLE_TESTABILITY = YES;
				GCC_C_LANGUAGE_STANDARD = gnu11;
				GCC_DYNAMIC_NO_PIC = NO;
				GCC_NO_COMMON_BLOCKS = YES;
				GCC_OPTIMIZATION_LEVEL = 0;
				GCC_PREPROCESSOR_DEFINITIONS = (
					"DEBUG=1",
					"$(inherited)",
				);
				GCC_WARN_64_TO_32_BIT_CONVERSION = YES;
				GCC_WARN_ABOUT_RETURN_TYPE = YES_ERROR;
				GCC_WARN_UNDECLARED_SELECTOR = YES;
				GCC_WARN_UNINITIALIZED_AUTOS = YES_AGGRESSIVE;
				GCC_WARN_UNUSED_FUNCTION = YES;
				GCC_WARN_UNUSED_VARIABLE = YES;
				MACOSX_DEPLOYMENT_TARGET = 13.0;
				MTL_ENABLE_DEBUG_INFO = INCLUDE_SOURCE;
				MTL_FAST_MATH = YES;
				ONLY_ACTIVE_ARCH = YES;
				SDKROOT = macosx;
				SWIFT_ACTIVE_COMPILATION_CONDITIONS = DEBUG;
				SWIFT_APPROACHABLE_CONCURRENCY = YES;
				SWIFT_OPTIMIZATION_LEVEL = "-Onone";
			};
			name = Debug;
		};
		A9728DDF2918F79100342A77 /* Release */ = {
			isa = XCBuildConfiguration;
			buildSettings = {
				ALWAYS_SEARCH_USER_PATHS = NO;
				ARCHS = arm64;
				ASSETCATALOG_COMPILER_GENERATE_SWIFT_ASSET_SYMBOL_EXTENSIONS = YES;
				CLANG_ANALYZER_NONNULL = YES;
				CLANG_ANALYZER_NUMBER_OBJECT_CONVERSION = YES_AGGRESSIVE;
				CLANG_CXX_LANGUAGE_STANDARD = "gnu++20";
				CLANG_ENABLE_MODULES = YES;
				CLANG_ENABLE_OBJC_ARC = YES;
				CLANG_ENABLE_OBJC_WEAK = YES;
				CLANG_WARN_BLOCK_CAPTURE_AUTORELEASING = YES;
				CLANG_WARN_BOOL_CONVERSION = YES;
				CLANG_WARN_COMMA = YES;
				CLANG_WARN_CONSTANT_CONVERSION = YES;
				CLANG_WARN_DEPRECATED_OBJC_IMPLEMENTATIONS = YES;
				CLANG_WARN_DIRECT_OBJC_ISA_USAGE = YES_ERROR;
				CLANG_WARN_DOCUMENTATION_COMMENTS = YES;
				CLANG_WARN_EMPTY_BODY = YES;
				CLANG_WARN_ENUM_CONVERSION = YES;
				CLANG_WARN_INFINITE_RECURSION = YES;
				CLANG_WARN_INT_CONVERSION = YES;
				CLANG_WARN_NON_LITERAL_NULL_CONVERSION = YES;
				CLANG_WARN_OBJC_IMPLICIT_RETAIN_SELF = YES;
				CLANG_WARN_OBJC_LITERAL_CONVERSION = YES;
				CLANG_WARN_OBJC_ROOT_CLASS = YES_ERROR;
				CLANG_WARN_QUOTED_INCLUDE_IN_FRAMEWORK_HEADER = YES;
				CLANG_WARN_RANGE_LOOP_ANALYSIS = YES;
				CLANG_WARN_STRICT_PROTOTYPES = YES;
				CLANG_WARN_SUSPICIOUS_MOVE = YES;
				CLANG_WARN_UNGUARDED_AVAILABILITY = YES_AGGRESSIVE;
				CLANG_WARN_UNREACHABLE_CODE = YES;
				CLANG_WARN__DUPLICATE_METHOD_MATCH = YES;
				COPY_PHASE_STRIP = NO;
				DEAD_CODE_STRIPPING = YES;
				DEBUG_INFORMATION_FORMAT = "dwarf-with-dsym";
				ENABLE_NS_ASSERTIONS = NO;
				ENABLE_STRICT_OBJC_MSGSEND = YES;
				ENABLE_USER_SCRIPT_SANDBOXING = YES;
				GCC_C_LANGUAGE_STANDARD = gnu11;
				GCC_NO_COMMON_BLOCKS = YES;
				GCC_WARN_64_TO_32_BIT_CONVERSION = YES;
				GCC_WARN_ABOUT_RETURN_TYPE = YES_ERROR;
				GCC_WARN_UNDECLARED_SELECTOR = YES;
				GCC_WARN_UNINITIALIZED_AUTOS = YES_AGGRESSIVE;
				GCC_WARN_UNUSED_FUNCTION = YES;
				GCC_WARN_UNUSED_VARIABLE = YES;
				MACOSX_DEPLOYMENT_TARGET = 13.0;
				MTL_ENABLE_DEBUG_INFO = NO;
				MTL_FAST_MATH = YES;
				SDKROOT = macosx;
				SWIFT_APPROACHABLE_CONCURRENCY = YES;
				SWIFT_COMPILATION_MODE = wholemodule;
				SWIFT_OPTIMIZATION_LEVEL = "-O";
			};
			name = Release;
		};
		A9728DE12918F79100342A77 /* Debug */ = {
			isa = XCBuildConfiguration;
			buildSettings = {
				ASSETCATALOG_COMPILER_APPICON_NAME = AppIcon;
				ASSETCATALOG_COMPILER_GLOBAL_ACCENT_COLOR_NAME = AccentColor;
				CODE_SIGN_ENTITLEMENTS = Cilicon/Cilicon.entitlements;
				CODE_SIGN_IDENTITY = "Apple Development";
				"CODE_SIGN_IDENTITY[sdk=macosx*]" = "-";
				CODE_SIGN_STYLE = Automatic;
				COMBINE_HIDPI_IMAGES = YES;
				CURRENT_PROJECT_VERSION = 1;
				DEAD_CODE_STRIPPING = YES;
				DEVELOPMENT_ASSET_PATHS = "";
				DEVELOPMENT_TEAM = D3728AP439;
				ENABLE_HARDENED_RUNTIME = YES;
				ENABLE_PREVIEWS = YES;
				GENERATE_INFOPLIST_FILE = YES;
				INFOPLIST_KEY_LSApplicationCategoryType = "public.app-category.utilities";
				INFOPLIST_KEY_NSHumanReadableCopyright = "";
				LD_RUNPATH_SEARCH_PATHS = (
					"$(inherited)",
					"@executable_path/../Frameworks",
				);
				MARKETING_VERSION = 2.3.0;
				PRODUCT_BUNDLE_IDENTIFIER = com.traderepublic.cilicon;
				PRODUCT_NAME = "$(TARGET_NAME)";
				PROVISIONING_PROFILE_SPECIFIER = "";
				SWIFT_EMIT_LOC_STRINGS = YES;
				SWIFT_OBJC_BRIDGING_HEADER = "Cilicon/AppleEvents/Cilicon-Bridging-Header.h";
				SWIFT_VERSION = 6.0;
			};
			name = Debug;
		};
		A9728DE22918F79100342A77 /* Release */ = {
			isa = XCBuildConfiguration;
			buildSettings = {
				ASSETCATALOG_COMPILER_APPICON_NAME = AppIcon;
				ASSETCATALOG_COMPILER_GLOBAL_ACCENT_COLOR_NAME = AccentColor;
				CODE_SIGN_ENTITLEMENTS = Cilicon/Cilicon.entitlements;
				CODE_SIGN_IDENTITY = "Apple Development";
				"CODE_SIGN_IDENTITY[sdk=macosx*]" = "Apple Development";
				CODE_SIGN_STYLE = Automatic;
				COMBINE_HIDPI_IMAGES = YES;
				CURRENT_PROJECT_VERSION = 1;
				DEAD_CODE_STRIPPING = YES;
				DEVELOPMENT_ASSET_PATHS = "";
				DEVELOPMENT_TEAM = D3728AP439;
				ENABLE_HARDENED_RUNTIME = YES;
				ENABLE_PREVIEWS = YES;
				ENABLE_USER_SCRIPT_SANDBOXING = NO;
				GENERATE_INFOPLIST_FILE = YES;
				INFOPLIST_KEY_LSApplicationCategoryType = "public.app-category.utilities";
				INFOPLIST_KEY_NSHumanReadableCopyright = "";
				LD_RUNPATH_SEARCH_PATHS = (
					"$(inherited)",
					"@executable_path/../Frameworks",
				);
				MARKETING_VERSION = 2.3.0;
				PRODUCT_BUNDLE_IDENTIFIER = com.traderepublic.cilicon;
				PRODUCT_NAME = "$(TARGET_NAME)";
				PROVISIONING_PROFILE_SPECIFIER = "";
				SWIFT_EMIT_LOC_STRINGS = YES;
				SWIFT_OBJC_BRIDGING_HEADER = "Cilicon/AppleEvents/Cilicon-Bridging-Header.h";
				SWIFT_VERSION = 6.0;
			};
			name = Release;
		};
		F9C7BCF32E17E2C700E8F9CE /* Debug */ = {
			isa = XCBuildConfiguration;
			buildSettings = {
				BUNDLE_LOADER = "$(TEST_HOST)";
				CURRENT_PROJECT_VERSION = 1;
				GENERATE_INFOPLIST_FILE = YES;
				MARKETING_VERSION = 1.0;
				PRODUCT_BUNDLE_IDENTIFIER = com.traderepublic.CiliconTests;
				PRODUCT_NAME = "$(TARGET_NAME)";
				SWIFT_VERSION = 6.0;
				TEST_HOST = "$(BUILT_PRODUCTS_DIR)/Cilicon.app/$(BUNDLE_EXECUTABLE_FOLDER_PATH)/Cilicon";
			};
			name = Debug;
		};
		F9C7BCF42E17E2C700E8F9CE /* Release */ = {
			isa = XCBuildConfiguration;
			buildSettings = {
				BUNDLE_LOADER = "$(TEST_HOST)";
				CURRENT_PROJECT_VERSION = 1;
				GENERATE_INFOPLIST_FILE = YES;
				MARKETING_VERSION = 1.0;
				PRODUCT_BUNDLE_IDENTIFIER = com.traderepublic.CiliconTests;
				PRODUCT_NAME = "$(TARGET_NAME)";
				SWIFT_VERSION = 6.0;
				TEST_HOST = "$(BUILT_PRODUCTS_DIR)/Cilicon.app/$(BUNDLE_EXECUTABLE_FOLDER_PATH)/Cilicon";
			};
			name = Release;
		};
/* End XCBuildConfiguration section */

/* Begin XCConfigurationList section */
		A9728DCC2918F79000342A77 /* Build configuration list for PBXProject "Cilicon" */ = {
			isa = XCConfigurationList;
			buildConfigurations = (
				A9728DDE2918F79100342A77 /* Debug */,
				A9728DDF2918F79100342A77 /* Release */,
			);
			defaultConfigurationIsVisible = 0;
			defaultConfigurationName = Release;
		};
		A9728DE02918F79100342A77 /* Build configuration list for PBXNativeTarget "Cilicon" */ = {
			isa = XCConfigurationList;
			buildConfigurations = (
				A9728DE12918F79100342A77 /* Debug */,
				A9728DE22918F79100342A77 /* Release */,
			);
			defaultConfigurationIsVisible = 0;
			defaultConfigurationName = Release;
		};
		F9C7BCF22E17E2C700E8F9CE /* Build configuration list for PBXNativeTarget "CiliconTests" */ = {
			isa = XCConfigurationList;
			buildConfigurations = (
				F9C7BCF32E17E2C700E8F9CE /* Debug */,
				F9C7BCF42E17E2C700E8F9CE /* Release */,
			);
			defaultConfigurationIsVisible = 0;
			defaultConfigurationName = Release;
		};
/* End XCConfigurationList section */

/* Begin XCRemoteSwiftPackageReference section */
		A9E7A0962C257E8700B38458 /* XCRemoteSwiftPackageReference "Yams" */ = {
			isa = XCRemoteSwiftPackageReference;
			repositoryURL = "https://github.com/jpsim/Yams/";
			requirement = {
				kind = upToNextMajorVersion;
				minimumVersion = 5.3.1;
			};
		};
		A9E7A0992C257E9700B38458 /* XCRemoteSwiftPackageReference "Citadel" */ = {
			isa = XCRemoteSwiftPackageReference;
			repositoryURL = "https://github.com/orlandos-nl/Citadel/";
			requirement = {
				kind = upToNextMajorVersion;
				minimumVersion = 0.10.0;
			};
		};
		A9E7A09C2C257EA400B38458 /* XCRemoteSwiftPackageReference "Swift-JWT" */ = {
			isa = XCRemoteSwiftPackageReference;
			repositoryURL = "https://github.com/Kitura/Swift-JWT";
			requirement = {
				kind = upToNextMajorVersion;
				minimumVersion = 4.0.1;
			};
		};
/* End XCRemoteSwiftPackageReference section */

/* Begin XCSwiftPackageProductDependency section */
		A9E7A0972C257E8700B38458 /* Yams */ = {
			isa = XCSwiftPackageProductDependency;
			package = A9E7A0962C257E8700B38458 /* XCRemoteSwiftPackageReference "Yams" */;
			productName = Yams;
		};
		A9E7A09A2C257E9700B38458 /* Citadel */ = {
			isa = XCSwiftPackageProductDependency;
			package = A9E7A0992C257E9700B38458 /* XCRemoteSwiftPackageReference "Citadel" */;
			productName = Citadel;
		};
		A9E7A09D2C257EA400B38458 /* SwiftJWT */ = {
			isa = XCSwiftPackageProductDependency;
			package = A9E7A09C2C257EA400B38458 /* XCRemoteSwiftPackageReference "Swift-JWT" */;
			productName = SwiftJWT;
		};
/* End XCSwiftPackageProductDependency section */
	};
	rootObject = A9728DC92918F79000342A77 /* Project object */;
}
